// !$*UTF8*$!
{
	archiveVersion = 1;
	classes = {
	};
	objectVersion = 56;
	objects = {

/* Begin PBXBuildFile section */
		6C5FC0FA2F4A946B004D80A6 /* AppTab.swift in Sources */ = {isa = PBXBuildFile; fileRef = 6C5FC0F92F4A946B004D80A6 /* AppTab.swift */; };
		6C5FC0FC2F4A948D004D80A6 /* CustomTabBar.swift in Sources */ = {isa = PBXBuildFile; fileRef = 6C5FC0FB2F4A948D004D80A6 /* CustomTabBar.swift */; };
		6C5FC0FE2F4A94AA004D80A6 /* HistoryView.swift in Sources */ = {isa = PBXBuildFile; fileRef = 6C5FC0FD2F4A94AA004D80A6 /* HistoryView.swift */; };
		6C5FC1002F4A94B9004D80A6 /* DevicesView.swift in Sources */ = {isa = PBXBuildFile; fileRef = 6C5FC0FF2F4A94B9004D80A6 /* DevicesView.swift */; };
		6C5FC1042F4A9971004D80A6 /* AuthRequestManager.swift in Sources */ = {isa = PBXBuildFile; fileRef = 6C5FC1032F4A9971004D80A6 /* AuthRequestManager.swift */; };
		6C82C1A62F4B556400CE5666 /* AuthApprovedView.swift in Sources */ = {isa = PBXBuildFile; fileRef = 6C82C1A52F4B556400CE5666 /* AuthApprovedView.swift */; };
		6C82C1A82F4B5C5D00CE5666 /* AuthDeclinedView.swift in Sources */ = {isa = PBXBuildFile; fileRef = 6C82C1A72F4B5C5D00CE5666 /* AuthDeclinedView.swift */; };
		7CA24D122F4A8D6B00C1F4AB /* KodeMono-VariableFont_wght.ttf in Resources */ = {isa = PBXBuildFile; fileRef = 7CA24D092F4A8D6B00C1F4AB /* KodeMono-VariableFont_wght.ttf */; };
		7CA24D132F4A8D6B00C1F4AB /* KyivType_Sans_Heavy3.otf in Resources */ = {isa = PBXBuildFile; fileRef = 7CA24D0A2F4A8D6B00C1F4AB /* KyivType_Sans_Heavy3.otf */; };
		7CA24D142F4A8D6B00C1F4AB /* KyivType_Sans_Medium.otf in Resources */ = {isa = PBXBuildFile; fileRef = 7CA24D0B2F4A8D6B00C1F4AB /* KyivType_Sans_Medium.otf */; };
		7CA24D152F4A8D6B00C1F4AB /* Assets.xcassets in Resources */ = {isa = PBXBuildFile; fileRef = 7CA24D102F4A8D6B00C1F4AB /* Assets.xcassets */; };
		7CA24D162F4A8D6B00C1F4AB /* AppColors.swift in Sources */ = {isa = PBXBuildFile; fileRef = 7CA24D042F4A8D6B00C1F4AB /* AppColors.swift */; };
		7CA24D172F4A8D6B00C1F4AB /* jumbohack_2026App.swift in Sources */ = {isa = PBXBuildFile; fileRef = 7CA24D052F4A8D6B00C1F4AB /* jumbohack_2026App.swift */; };
		7CA24D182F4A8D6B00C1F4AB /* SimpleBLEManager.swift in Sources */ = {isa = PBXBuildFile; fileRef = 7CA24D072F4A8D6B00C1F4AB /* SimpleBLEManager.swift */; };
		7CA24D192F4A8D6B00C1F4AB /* AuthNotifView.swift in Sources */ = {isa = PBXBuildFile; fileRef = 7CA24D0D2F4A8D6B00C1F4AB /* AuthNotifView.swift */; };
		7CA24D1A2F4A8D6B00C1F4AB /* ContentView.swift in Sources */ = {isa = PBXBuildFile; fileRef = 7CA24D0E2F4A8D6B00C1F4AB /* ContentView.swift */; };
		7CA24D4A2F4A999000C1F4AB /* HomeView.swift in Sources */ = {isa = PBXBuildFile; fileRef = 7CA24D492F4A998E00C1F4AB /* HomeView.swift */; };
		7CA24D4C2F4AC94E00C1F4AB /* AuthTestingView.swift in Sources */ = {isa = PBXBuildFile; fileRef = 7CA24D4B2F4AC94700C1F4AB /* AuthTestingView.swift */; };
		7CA24D4E2F4B62AB00C1F4AB /* .gitignore in Resources */ = {isa = PBXBuildFile; fileRef = 7CA24D4D2F4B62A300C1F4AB /* .gitignore */; };
		7CA24D502F4B62CF00C1F4AB /* hardcoded_UUID.swift in Sources */ = {isa = PBXBuildFile; fileRef = 7CA24D4F2F4B62C200C1F4AB /* hardcoded_UUID.swift */; };
/* End PBXBuildFile section */

/* Begin PBXFileReference section */
		6C5FC0F92F4A946B004D80A6 /* AppTab.swift */ = {isa = PBXFileReference; lastKnownFileType = sourcecode.swift; path = AppTab.swift; sourceTree = "<group>"; };
		6C5FC0FB2F4A948D004D80A6 /* CustomTabBar.swift */ = {isa = PBXFileReference; lastKnownFileType = sourcecode.swift; path = CustomTabBar.swift; sourceTree = "<group>"; };
		6C5FC0FD2F4A94AA004D80A6 /* HistoryView.swift */ = {isa = PBXFileReference; lastKnownFileType = sourcecode.swift; path = HistoryView.swift; sourceTree = "<group>"; };
		6C5FC0FF2F4A94B9004D80A6 /* DevicesView.swift */ = {isa = PBXFileReference; lastKnownFileType = sourcecode.swift; path = DevicesView.swift; sourceTree = "<group>"; };
		6C5FC1032F4A9971004D80A6 /* AuthRequestManager.swift */ = {isa = PBXFileReference; lastKnownFileType = sourcecode.swift; path = AuthRequestManager.swift; sourceTree = "<group>"; };
		6C82C1A52F4B556400CE5666 /* AuthApprovedView.swift */ = {isa = PBXFileReference; lastKnownFileType = sourcecode.swift; path = AuthApprovedView.swift; sourceTree = "<group>"; };
		6C82C1A72F4B5C5D00CE5666 /* AuthDeclinedView.swift */ = {isa = PBXFileReference; lastKnownFileType = sourcecode.swift; path = AuthDeclinedView.swift; sourceTree = "<group>"; };
		7CA24C8D2F4A2E0400C1F4AB /* jumbohack_2026.app */ = {isa = PBXFileReference; explicitFileType = wrapper.application; includeInIndex = 0; path = jumbohack_2026.app; sourceTree = BUILT_PRODUCTS_DIR; };
		7CA24D042F4A8D6B00C1F4AB /* AppColors.swift */ = {isa = PBXFileReference; lastKnownFileType = sourcecode.swift; path = AppColors.swift; sourceTree = "<group>"; };
		7CA24D052F4A8D6B00C1F4AB /* jumbohack_2026App.swift */ = {isa = PBXFileReference; lastKnownFileType = sourcecode.swift; path = jumbohack_2026App.swift; sourceTree = "<group>"; };
		7CA24D072F4A8D6B00C1F4AB /* SimpleBLEManager.swift */ = {isa = PBXFileReference; lastKnownFileType = sourcecode.swift; path = SimpleBLEManager.swift; sourceTree = "<group>"; };
		7CA24D092F4A8D6B00C1F4AB /* KodeMono-VariableFont_wght.ttf */ = {isa = PBXFileReference; lastKnownFileType = file; path = "KodeMono-VariableFont_wght.ttf"; sourceTree = "<group>"; };
		7CA24D0A2F4A8D6B00C1F4AB /* KyivType_Sans_Heavy3.otf */ = {isa = PBXFileReference; lastKnownFileType = file; path = KyivType_Sans_Heavy3.otf; sourceTree = "<group>"; };
		7CA24D0B2F4A8D6B00C1F4AB /* KyivType_Sans_Medium.otf */ = {isa = PBXFileReference; lastKnownFileType = file; path = KyivType_Sans_Medium.otf; sourceTree = "<group>"; };
		7CA24D0D2F4A8D6B00C1F4AB /* AuthNotifView.swift */ = {isa = PBXFileReference; lastKnownFileType = sourcecode.swift; path = AuthNotifView.swift; sourceTree = "<group>"; };
		7CA24D0E2F4A8D6B00C1F4AB /* ContentView.swift */ = {isa = PBXFileReference; lastKnownFileType = sourcecode.swift; path = ContentView.swift; sourceTree = "<group>"; };
		7CA24D102F4A8D6B00C1F4AB /* Assets.xcassets */ = {isa = PBXFileReference; lastKnownFileType = folder.assetcatalog; path = Assets.xcassets; sourceTree = "<group>"; };
		7CA24D492F4A998E00C1F4AB /* HomeView.swift */ = {isa = PBXFileReference; lastKnownFileType = sourcecode.swift; path = HomeView.swift; sourceTree = "<group>"; };
		7CA24D4B2F4AC94700C1F4AB /* AuthTestingView.swift */ = {isa = PBXFileReference; lastKnownFileType = sourcecode.swift; path = AuthTestingView.swift; sourceTree = "<group>"; };
		7CA24D4D2F4B62A300C1F4AB /* .gitignore */ = {isa = PBXFileReference; lastKnownFileType = text; path = .gitignore; sourceTree = "<group>"; };
		7CA24D4F2F4B62C200C1F4AB /* hardcoded_UUID.swift */ = {isa = PBXFileReference; lastKnownFileType = sourcecode.swift; path = hardcoded_UUID.swift; sourceTree = "<group>"; };
/* End PBXFileReference section */

/* Begin PBXFrameworksBuildPhase section */
		7CA24C8A2F4A2E0400C1F4AB /* Frameworks */ = {
			isa = PBXFrameworksBuildPhase;
			buildActionMask = 2147483647;
			files = (
			);
			runOnlyForDeploymentPostprocessing = 0;
		};
/* End PBXFrameworksBuildPhase section */

/* Begin PBXGroup section */
		7CA24C842F4A2E0400C1F4AB = {
			isa = PBXGroup;
			children = (
				7CA24D112F4A8D6B00C1F4AB /* jumbohack_2026 */,
				7CA24C8E2F4A2E0400C1F4AB /* Products */,
			);
			sourceTree = "<group>";
		};
		7CA24C8E2F4A2E0400C1F4AB /* Products */ = {
			isa = PBXGroup;
			children = (
				7CA24C8D2F4A2E0400C1F4AB /* jumbohack_2026.app */,
			);
			name = Products;
			sourceTree = "<group>";
		};
		7CA24D062F4A8D6B00C1F4AB /* App */ = {
			isa = PBXGroup;
			children = (
				7CA24D042F4A8D6B00C1F4AB /* AppColors.swift */,
				7CA24D052F4A8D6B00C1F4AB /* jumbohack_2026App.swift */,
			);
			path = App;
			sourceTree = "<group>";
		};
		7CA24D082F4A8D6B00C1F4AB /* bluetooth */ = {
			isa = PBXGroup;
			children = (
				7CA24D4F2F4B62C200C1F4AB /* hardcoded_UUID.swift */,
				7CA24D4D2F4B62A300C1F4AB /* .gitignore */,
				7CA24D072F4A8D6B00C1F4AB /* SimpleBLEManager.swift */,
			);
			path = bluetooth;
			sourceTree = "<group>";
		};
		7CA24D0C2F4A8D6B00C1F4AB /* Fonts */ = {
			isa = PBXGroup;
			children = (
				7CA24D092F4A8D6B00C1F4AB /* KodeMono-VariableFont_wght.ttf */,
				7CA24D0A2F4A8D6B00C1F4AB /* KyivType_Sans_Heavy3.otf */,
				7CA24D0B2F4A8D6B00C1F4AB /* KyivType_Sans_Medium.otf */,
			);
			path = Fonts;
			sourceTree = "<group>";
		};
		7CA24D0F2F4A8D6B00C1F4AB /* Views */ = {
			isa = PBXGroup;
			children = (
				7CA24D0E2F4A8D6B00C1F4AB /* ContentView.swift */,
				6C5FC0FB2F4A948D004D80A6 /* CustomTabBar.swift */,
				6C5FC0F92F4A946B004D80A6 /* AppTab.swift */,
				7CA24D492F4A998E00C1F4AB /* HomeView.swift */,
				6C5FC0FD2F4A94AA004D80A6 /* HistoryView.swift */,
				6C5FC0FF2F4A94B9004D80A6 /* DevicesView.swift */,
				7CA24D4B2F4AC94700C1F4AB /* AuthTestingView.swift */,
				7CA24D0D2F4A8D6B00C1F4AB /* AuthNotifView.swift */,
				6C5FC1032F4A9971004D80A6 /* AuthRequestManager.swift */,
				6C82C1A52F4B556400CE5666 /* AuthApprovedView.swift */,
				6C82C1A72F4B5C5D00CE5666 /* AuthDeclinedView.swift */,
			);
			path = Views;
			sourceTree = "<group>";
		};
		7CA24D112F4A8D6B00C1F4AB /* jumbohack_2026 */ = {
			isa = PBXGroup;
			children = (
				7CA24D062F4A8D6B00C1F4AB /* App */,
				7CA24D082F4A8D6B00C1F4AB /* bluetooth */,
				7CA24D0C2F4A8D6B00C1F4AB /* Fonts */,
				7CA24D0F2F4A8D6B00C1F4AB /* Views */,
				7CA24D102F4A8D6B00C1F4AB /* Assets.xcassets */,
			);
			path = jumbohack_2026;
			sourceTree = "<group>";
		};
/* End PBXGroup section */

/* Begin PBXNativeTarget section */
		7CA24C8C2F4A2E0400C1F4AB /* jumbohack_2026 */ = {
			isa = PBXNativeTarget;
			buildConfigurationList = 7CA24C982F4A2E0600C1F4AB /* Build configuration list for PBXNativeTarget "jumbohack_2026" */;
			buildPhases = (
				7CA24C892F4A2E0400C1F4AB /* Sources */,
				7CA24C8A2F4A2E0400C1F4AB /* Frameworks */,
				7CA24C8B2F4A2E0400C1F4AB /* Resources */,
			);
			buildRules = (
			);
			dependencies = (
			);
			name = jumbohack_2026;
			packageProductDependencies = (
			);
			productName = jumnohack_2026;
			productReference = 7CA24C8D2F4A2E0400C1F4AB /* jumbohack_2026.app */;
			productType = "com.apple.product-type.application";
		};
/* End PBXNativeTarget section */

/* Begin PBXProject section */
		7CA24C852F4A2E0400C1F4AB /* Project object */ = {
			isa = PBXProject;
			attributes = {
				BuildIndependentTargetsInParallel = 1;
				LastSwiftUpdateCheck = 2620;
				LastUpgradeCheck = 2620;
				TargetAttributes = {
					7CA24C8C2F4A2E0400C1F4AB = {
						CreatedOnToolsVersion = 26.2;
					};
				};
			};
			buildConfigurationList = 7CA24C882F4A2E0400C1F4AB /* Build configuration list for PBXProject "jumbohack_2026" */;
			compatibilityVersion = "Xcode 14.0";
			developmentRegion = en;
			hasScannedForEncodings = 0;
			knownRegions = (
				en,
				Base,
			);
			mainGroup = 7CA24C842F4A2E0400C1F4AB;
			productRefGroup = 7CA24C8E2F4A2E0400C1F4AB /* Products */;
			projectDirPath = "";
			projectRoot = "";
			targets = (
				7CA24C8C2F4A2E0400C1F4AB /* jumbohack_2026 */,
			);
		};
/* End PBXProject section */

/* Begin PBXResourcesBuildPhase section */
		7CA24C8B2F4A2E0400C1F4AB /* Resources */ = {
			isa = PBXResourcesBuildPhase;
			buildActionMask = 2147483647;
			files = (
				7CA24D4E2F4B62AB00C1F4AB /* .gitignore in Resources */,
				7CA24D122F4A8D6B00C1F4AB /* KodeMono-VariableFont_wght.ttf in Resources */,
				7CA24D132F4A8D6B00C1F4AB /* KyivType_Sans_Heavy3.otf in Resources */,
				7CA24D142F4A8D6B00C1F4AB /* KyivType_Sans_Medium.otf in Resources */,
				7CA24D152F4A8D6B00C1F4AB /* Assets.xcassets in Resources */,
			);
			runOnlyForDeploymentPostprocessing = 0;
		};
/* End PBXResourcesBuildPhase section */

/* Begin PBXSourcesBuildPhase section */
		7CA24C892F4A2E0400C1F4AB /* Sources */ = {
			isa = PBXSourcesBuildPhase;
			buildActionMask = 2147483647;
			files = (
				7CA24D502F4B62CF00C1F4AB /* hardcoded_UUID.swift in Sources */,
				7CA24D162F4A8D6B00C1F4AB /* AppColors.swift in Sources */,
				6C5FC0FE2F4A94AA004D80A6 /* HistoryView.swift in Sources */,
				7CA24D172F4A8D6B00C1F4AB /* jumbohack_2026App.swift in Sources */,
				6C82C1A62F4B556400CE5666 /* AuthApprovedView.swift in Sources */,
				6C82C1A82F4B5C5D00CE5666 /* AuthDeclinedView.swift in Sources */,
				7CA24D4A2F4A999000C1F4AB /* HomeView.swift in Sources */,
				6C5FC0FC2F4A948D004D80A6 /* CustomTabBar.swift in Sources */,
				7CA24D182F4A8D6B00C1F4AB /* SimpleBLEManager.swift in Sources */,
				6C5FC1042F4A9971004D80A6 /* AuthRequestManager.swift in Sources */,
				7CA24D192F4A8D6B00C1F4AB /* AuthNotifView.swift in Sources */,
				6C5FC1002F4A94B9004D80A6 /* DevicesView.swift in Sources */,
				7CA24D1A2F4A8D6B00C1F4AB /* ContentView.swift in Sources */,
				6C5FC0FA2F4A946B004D80A6 /* AppTab.swift in Sources */,
				7CA24D4C2F4AC94E00C1F4AB /* AuthTestingView.swift in Sources */,
			);
			runOnlyForDeploymentPostprocessing = 0;
		};
/* End PBXSourcesBuildPhase section */

/* Begin XCBuildConfiguration section */
		7CA24C962F4A2E0600C1F4AB /* Debug */ = {
			isa = XCBuildConfiguration;
			buildSettings = {
				ALWAYS_SEARCH_USER_PATHS = NO;
				ASSETCATALOG_COMPILER_GENERATE_SWIFT_ASSET_SYMBOL_EXTENSIONS = YES;
				CLANG_ANALYZER_NONNULL = YES;
				CLANG_ANALYZER_NUMBER_OBJECT_CONVERSION = YES_AGGRESSIVE;
				CLANG_CXX_LANGUAGE_STANDARD = "gnu++20";
				CLANG_ENABLE_MODULES = YES;
				CLANG_ENABLE_OBJC_ARC = YES;
				CLANG_ENABLE_OBJC_WEAK = YES;
				CLANG_WARN_BLOCK_CAPTURE_AUTORELEASING = YES;
				CLANG_WARN_BOOL_CONVERSION = YES;
				CLANG_WARN_COMMA = YES;
				CLANG_WARN_CONSTANT_CONVERSION = YES;
				CLANG_WARN_DEPRECATED_OBJC_IMPLEMENTATIONS = YES;
				CLANG_WARN_DIRECT_OBJC_ISA_USAGE = YES_ERROR;
				CLANG_WARN_DOCUMENTATION_COMMENTS = YES;
				CLANG_WARN_EMPTY_BODY = YES;
				CLANG_WARN_ENUM_CONVERSION = YES;
				CLANG_WARN_INFINITE_RECURSION = YES;
				CLANG_WARN_INT_CONVERSION = YES;
				CLANG_WARN_NON_LITERAL_NULL_CONVERSION = YES;
				CLANG_WARN_OBJC_IMPLICIT_RETAIN_SELF = YES;
				CLANG_WARN_OBJC_LITERAL_CONVERSION = YES;
				CLANG_WARN_OBJC_ROOT_CLASS = YES_ERROR;
				CLANG_WARN_QUOTED_INCLUDE_IN_FRAMEWORK_HEADER = YES;
				CLANG_WARN_RANGE_LOOP_ANALYSIS = YES;
				CLANG_WARN_STRICT_PROTOTYPES = YES;
				CLANG_WARN_SUSPICIOUS_MOVE = YES;
				CLANG_WARN_UNGUARDED_AVAILABILITY = YES_AGGRESSIVE;
				CLANG_WARN_UNREACHABLE_CODE = YES;
				CLANG_WARN__DUPLICATE_METHOD_MATCH = YES;
				COPY_PHASE_STRIP = NO;
				DEBUG_INFORMATION_FORMAT = dwarf;
				ENABLE_STRICT_OBJC_MSGSEND = YES;
				ENABLE_TESTABILITY = YES;
				ENABLE_USER_SCRIPT_SANDBOXING = YES;
				GCC_C_LANGUAGE_STANDARD = gnu17;
				GCC_DYNAMIC_NO_PIC = NO;
				GCC_NO_COMMON_BLOCKS = YES;
				GCC_OPTIMIZATION_LEVEL = 0;
				GCC_PREPROCESSOR_DEFINITIONS = (
					"DEBUG=1",
					"$(inherited)",
				);
				GCC_WARN_64_TO_32_BIT_CONVERSION = YES;
				GCC_WARN_ABOUT_RETURN_TYPE = YES_ERROR;
				GCC_WARN_UNDECLARED_SELECTOR = YES;
				GCC_WARN_UNINITIALIZED_AUTOS = YES_AGGRESSIVE;
				GCC_WARN_UNUSED_FUNCTION = YES;
				GCC_WARN_UNUSED_VARIABLE = YES;
				IPHONEOS_DEPLOYMENT_TARGET = 26.2;
				LOCALIZATION_PREFERS_STRING_CATALOGS = YES;
				MTL_ENABLE_DEBUG_INFO = INCLUDE_SOURCE;
				MTL_FAST_MATH = YES;
				ONLY_ACTIVE_ARCH = YES;
				SDKROOT = iphoneos;
				SWIFT_ACTIVE_COMPILATION_CONDITIONS = "DEBUG $(inherited)";
				SWIFT_OPTIMIZATION_LEVEL = "-Onone";
			};
			name = Debug;
		};
		7CA24C972F4A2E0600C1F4AB /* Release */ = {
			isa = XCBuildConfiguration;
			buildSettings = {
				ALWAYS_SEARCH_USER_PATHS = NO;
				ASSETCATALOG_COMPILER_GENERATE_SWIFT_ASSET_SYMBOL_EXTENSIONS = YES;
				CLANG_ANALYZER_NONNULL = YES;
				CLANG_ANALYZER_NUMBER_OBJECT_CONVERSION = YES_AGGRESSIVE;
				CLANG_CXX_LANGUAGE_STANDARD = "gnu++20";
				CLANG_ENABLE_MODULES = YES;
				CLANG_ENABLE_OBJC_ARC = YES;
				CLANG_ENABLE_OBJC_WEAK = YES;
				CLANG_WARN_BLOCK_CAPTURE_AUTORELEASING = YES;
				CLANG_WARN_BOOL_CONVERSION = YES;
				CLANG_WARN_COMMA = YES;
				CLANG_WARN_CONSTANT_CONVERSION = YES;
				CLANG_WARN_DEPRECATED_OBJC_IMPLEMENTATIONS = YES;
				CLANG_WARN_DIRECT_OBJC_ISA_USAGE = YES_ERROR;
				CLANG_WARN_DOCUMENTATION_COMMENTS = YES;
				CLANG_WARN_EMPTY_BODY = YES;
				CLANG_WARN_ENUM_CONVERSION = YES;
				CLANG_WARN_INFINITE_RECURSION = YES;
				CLANG_WARN_INT_CONVERSION = YES;
				CLANG_WARN_NON_LITERAL_NULL_CONVERSION = YES;
				CLANG_WARN_OBJC_IMPLICIT_RETAIN_SELF = YES;
				CLANG_WARN_OBJC_LITERAL_CONVERSION = YES;
				CLANG_WARN_OBJC_ROOT_CLASS = YES_ERROR;
				CLANG_WARN_QUOTED_INCLUDE_IN_FRAMEWORK_HEADER = YES;
				CLANG_WARN_RANGE_LOOP_ANALYSIS = YES;
				CLANG_WARN_STRICT_PROTOTYPES = YES;
				CLANG_WARN_SUSPICIOUS_MOVE = YES;
				CLANG_WARN_UNGUARDED_AVAILABILITY = YES_AGGRESSIVE;
				CLANG_WARN_UNREACHABLE_CODE = YES;
				CLANG_WARN__DUPLICATE_METHOD_MATCH = YES;
				COPY_PHASE_STRIP = NO;
				DEBUG_INFORMATION_FORMAT = "dwarf-with-dsym";
				ENABLE_NS_ASSERTIONS = NO;
				ENABLE_STRICT_OBJC_MSGSEND = YES;
				ENABLE_USER_SCRIPT_SANDBOXING = YES;
				GCC_C_LANGUAGE_STANDARD = gnu17;
				GCC_NO_COMMON_BLOCKS = YES;
				GCC_WARN_64_TO_32_BIT_CONVERSION = YES;
				GCC_WARN_ABOUT_RETURN_TYPE = YES_ERROR;
				GCC_WARN_UNDECLARED_SELECTOR = YES;
				GCC_WARN_UNINITIALIZED_AUTOS = YES_AGGRESSIVE;
				GCC_WARN_UNUSED_FUNCTION = YES;
				GCC_WARN_UNUSED_VARIABLE = YES;
				IPHONEOS_DEPLOYMENT_TARGET = 26.2;
				LOCALIZATION_PREFERS_STRING_CATALOGS = YES;
				MTL_ENABLE_DEBUG_INFO = NO;
				MTL_FAST_MATH = YES;
				SDKROOT = iphoneos;
				SWIFT_COMPILATION_MODE = wholemodule;
				VALIDATE_PRODUCT = YES;
			};
			name = Release;
		};
		7CA24C992F4A2E0600C1F4AB /* Debug */ = {
			isa = XCBuildConfiguration;
			buildSettings = {
				ASSETCATALOG_COMPILER_APPICON_NAME = AppIcon;
				ASSETCATALOG_COMPILER_GLOBAL_ACCENT_COLOR_NAME = AccentColor;
				CODE_SIGN_STYLE = Automatic;
				CURRENT_PROJECT_VERSION = 1;
				DEVELOPMENT_TEAM = 2F6UXQ4YGM;
				ENABLE_PREVIEWS = YES;
				GENERATE_INFOPLIST_FILE = YES;
				Hello_ = "";
				INFOPLIST_FILE = "jumbohack-2026-Info.plist";
				INFOPLIST_KEY_NSBluetoothAlwaysUsageDescription = "";
				INFOPLIST_KEY_NSBluetoothPeripheralUsageDescription = "";
				INFOPLIST_KEY_UIApplicationSceneManifest_Generation = YES;
				INFOPLIST_KEY_UIApplicationSupportsIndirectInputEvents = YES;
				INFOPLIST_KEY_UILaunchScreen_Generation = YES;
				INFOPLIST_KEY_UISupportedInterfaceOrientations_iPad = "UIInterfaceOrientationPortrait UIInterfaceOrientationPortraitUpsideDown UIInterfaceOrientationLandscapeLeft UIInterfaceOrientationLandscapeRight";
				INFOPLIST_KEY_UISupportedInterfaceOrientations_iPhone = "UIInterfaceOrientationPortrait UIInterfaceOrientationLandscapeLeft UIInterfaceOrientationLandscapeRight";
				IPHONEOS_DEPLOYMENT_TARGET = 16.4;
				LD_RUNPATH_SEARCH_PATHS = (
					"$(inherited)",
					"@executable_path/Frameworks",
				);
				MARKETING_VERSION = 1.0;
				NEW_SETTING = "";
				PRODUCT_BUNDLE_IDENTIFIER = "John-Cha-Personal.jumnohack-2026";
				PRODUCT_NAME = "$(TARGET_NAME)";
				STRING_CATALOG_GENERATE_SYMBOLS = YES;
				SUPPORTED_PLATFORMS = "iphoneos iphonesimulator";
				SUPPORTS_MACCATALYST = NO;
				SUPPORTS_MAC_DESIGNED_FOR_IPHONE_IPAD = NO;
				SWIFT_APPROACHABLE_CONCURRENCY = YES;
				SWIFT_DEFAULT_ACTOR_ISOLATION = MainActor;
				SWIFT_EMIT_LOC_STRINGS = YES;
				SWIFT_UPCOMING_FEATURE_MEMBER_IMPORT_VISIBILITY = YES;
				SWIFT_VERSION = 5.0;
				TARGETED_DEVICE_FAMILY = 1;
			};
			name = Debug;
		};
		7CA24C9A2F4A2E0600C1F4AB /* Release */ = {
			isa = XCBuildConfiguration;
			buildSettings = {
				ASSETCATALOG_COMPILER_APPICON_NAME = AppIcon;
				ASSETCATALOG_COMPILER_GLOBAL_ACCENT_COLOR_NAME = AccentColor;
				CODE_SIGN_STYLE = Automatic;
				CURRENT_PROJECT_VERSION = 1;
				DEVELOPMENT_TEAM = 2F6UXQ4YGM;
				ENABLE_PREVIEWS = YES;
				GENERATE_INFOPLIST_FILE = YES;
				Hello_ = "";
				INFOPLIST_FILE = "jumbohack-2026-Info.plist";
				INFOPLIST_KEY_NSBluetoothAlwaysUsageDescription = "";
				INFOPLIST_KEY_NSBluetoothPeripheralUsageDescription = "";
				INFOPLIST_KEY_UIApplicationSceneManifest_Generation = YES;
				INFOPLIST_KEY_UIApplicationSupportsIndirectInputEvents = YES;
				INFOPLIST_KEY_UILaunchScreen_Generation = YES;
				INFOPLIST_KEY_UISupportedInterfaceOrientations_iPad = "UIInterfaceOrientationPortrait UIInterfaceOrientationPortraitUpsideDown UIInterfaceOrientationLandscapeLeft UIInterfaceOrientationLandscapeRight";
				INFOPLIST_KEY_UISupportedInterfaceOrientations_iPhone = "UIInterfaceOrientationPortrait UIInterfaceOrientationLandscapeLeft UIInterfaceOrientationLandscapeRight";
				IPHONEOS_DEPLOYMENT_TARGET = 16.4;
				LD_RUNPATH_SEARCH_PATHS = (
					"$(inherited)",
					"@executable_path/Frameworks",
				);
				MARKETING_VERSION = 1.0;
				NEW_SETTING = "";
				PRODUCT_BUNDLE_IDENTIFIER = "John-Cha-Personal.jumnohack-2026";
				PRODUCT_NAME = "$(TARGET_NAME)";
				STRING_CATALOG_GENERATE_SYMBOLS = YES;
				SUPPORTED_PLATFORMS = "iphoneos iphonesimulator";
				SUPPORTS_MACCATALYST = NO;
				SUPPORTS_MAC_DESIGNED_FOR_IPHONE_IPAD = NO;
				SWIFT_APPROACHABLE_CONCURRENCY = YES;
				SWIFT_DEFAULT_ACTOR_ISOLATION = MainActor;
				SWIFT_EMIT_LOC_STRINGS = YES;
				SWIFT_UPCOMING_FEATURE_MEMBER_IMPORT_VISIBILITY = YES;
				SWIFT_VERSION = 5.0;
				TARGETED_DEVICE_FAMILY = 1;
			};
			name = Release;
		};
/* End XCBuildConfiguration section */

/* Begin XCConfigurationList section */
		7CA24C882F4A2E0400C1F4AB /* Build configuration list for PBXProject "jumbohack_2026" */ = {
			isa = XCConfigurationList;
			buildConfigurations = (
				7CA24C962F4A2E0600C1F4AB /* Debug */,
				7CA24C972F4A2E0600C1F4AB /* Release */,
			);
			defaultConfigurationIsVisible = 0;
			defaultConfigurationName = Release;
		};
		7CA24C982F4A2E0600C1F4AB /* Build configuration list for PBXNativeTarget "jumbohack_2026" */ = {
			isa = XCConfigurationList;
			buildConfigurations = (
				7CA24C992F4A2E0600C1F4AB /* Debug */,
				7CA24C9A2F4A2E0600C1F4AB /* Release */,
			);
			defaultConfigurationIsVisible = 0;
			defaultConfigurationName = Release;
		};
/* End XCConfigurationList section */
	};
	rootObject = 7CA24C852F4A2E0400C1F4AB /* Project object */;
}
