dependencies:
  espressif/tinyusb:
    component_hash: 5ea9d3b6d6b0734a0a0b3491967aa0e1bece2974132294dbda5dd2839b247bfa
    dependencies:
    - name: idf
      require: private
      version: '>=5.0'
    source:
      registry_url: https://components.espressif.com/
      type: service
    targets:
    - esp32s2
    - esp32s3
    - esp32p4
    - esp32h4
    version: 0.19.0~2
  idf:
    source:
      type: idf
    version: 5.5.0
direct_dependencies:
- espressif/tinyusb
- idf
manifest_hash: 3611ce903206ef1781ffb792a2295ff7a8e5a63f96db239955164d8bb22fec96
target: esp32s3
version: 2.0.0
